{
    "_readme": [
        "This file locks the dependencies of your project to a known state",
        "Read more about it at https://getcomposer.org/doc/01-basic-usage.md#installing-dependencies",
        "This file is @generated automatically"
    ],
    "content-hash": "a546000fec53c13293dff8509c146981",
    "packages": [
        {
            "name": "ondrakoupil/tools",
            "version": "v0.0.6",
            "source": {
                "type": "git",
                "url": "https://github.com/ondrakoupil/tools.git",
                "reference": "778c4931ba883d86a338ea9591d48eb9bb24eb13"
            },
            "dist": {
                "type": "zip",
                "url": "https://api.github.com/repos/ondrakoupil/tools/zipball/778c4931ba883d86a338ea9591d48eb9bb24eb13",
                "reference": "778c4931ba883d86a338ea9591d48eb9bb24eb13",
                "shasum": ""
            },
            "require-dev": {
                "nette/tester": "^1.4@dev",
                "ondrakoupil/testing-utils": "^0.0.7"
            },
            "type": "library",
            "autoload": {
                "psr-4": {
                    "OndraKoupil\\Tools\\": "src/"
                }
            },
            "notification-url": "https://packagist.org/downloads/",
            "license": [
                "MIT"
            ],
            "authors": [
                {
                    "name": "Ondrej Koupil",
                    "email": "koupil@optimato.cz"
                }
            ],
            "description": "Just a bunch of tools for myself",
            "time": "2015-07-27T20:41:18+00:00"
        }
    ],
    "packages-dev": [
        {
            "name": "nette/tester",
            "version": "v1.x-dev",
            "source": {
                "type": "git",
                "url": "https://github.com/nette/tester.git",
                "reference": "c81e276f9809143312c5be51952b1316901b8403"
            },
            "dist": {
                "type": "zip",
                "url": "https://api.github.com/repos/nette/tester/zipball/c81e276f9809143312c5be51952b1316901b8403",
                "reference": "c81e276f9809143312c5be51952b1316901b8403",
                "shasum": ""
            },
            "require": {
                "php": ">=5.3.0"
            },
            "bin": [
                "src/tester"
            ],
            "type": "library",
            "extra": {
                "branch-alias": {
                    "dev-master": "1.7-dev"
                }
            },
            "autoload": {
                "classmap": [
                    "src/"
                ]
            },
            "notification-url": "https://packagist.org/downloads/",
            "license": [
                "BSD-3-Clause",
                "GPL-2.0",
                "GPL-3.0"
            ],
            "authors": [
                {
                    "name": "David Grudl",
                    "homepage": "https://davidgrudl.com"
                },
                {
                    "name": "Nette Community",
                    "homepage": "https://nette.org/contributors"
                }
            ],
            "description": "Nette Tester: enjoyable unit testing in PHP with code coverage reporter. ????",
            "homepage": "https://tester.nette.org",
            "keywords": [
                "Xdebug",
                "assertions",
                "clover",
                "code coverage",
                "nette",
                "phpdbg",
                "phpunit",
                "testing",
                "unit"
            ],
            "time": "2018-06-01T09:33:19+00:00"
        },
        {
            "name": "ondrakoupil/testing-utils",
            "version": "v0.0.7",
            "source": {
                "type": "git",
                "url": "https://github.com/ondrakoupil/testing-utils.git",
                "reference": "3969cee5ebc49a2b52b1c8c4973ea57687fccdc8"
            },
            "dist": {
                "type": "zip",
                "url": "https://api.github.com/repos/ondrakoupil/testing-utils/zipball/3969cee5ebc49a2b52b1c8c4973ea57687fccdc8",
                "reference": "3969cee5ebc49a2b52b1c8c4973ea57687fccdc8",
                "shasum": ""
            },
            "require": {
                "nette/tester": "^1.4"
            },
            "suggest": {
                "nette/database": "For creating tests with Nette Database using NetteDatabaseTestCase",
                "ondrakoupil/tools": "This package is required (^0.0.4), however circular reference would cause troubles. Require it manually."
            },
            "type": "library",
            "autoload": {
                "psr-4": {
                    "OndraKoupil\\Testing\\": "src/"
                }
            },
            "notification-url": "https://packagist.org/downloads/",
            "license": [
                "MIT"
            ],
            "authors": [
                {
                    "name": "Ondrej Koupil",
                    "email": "koupil@optimato.cz"
                }
            ],
            "description": "Some testing utilities",
            "time": "2015-06-26T16:01:50+00:00"
        }
    ],
    "aliases": [],
    "minimum-stability": "dev",
    "stability-flags": [],
    "prefer-stable": false,
    "prefer-lowest": false,
    "platform": {
        "ext-openssl": "*",
        "ext-curl": "*",
        "php": ">=5.4.8"
    },
    "platform-dev": []
}
