{
    "_readme": [
        "This file locks the dependencies of your project to a known state",
        "Read more about it at http://getcomposer.org/doc/01-basic-usage.md#composer-lock-the-lock-file",
        "This file is @generated automatically"
    ],
    "hash": "d4ea8ae1e65946ab7a651afb0d061004",
    "packages": [
        {
            "name": "ondrakoupil/tools",
            "version": "v0.0.4",
            "source": {
                "type": "git",
                "url": "https://github.com/ondrakoupil/tools.git",
                "reference": "81ea2126a25eef9b721da316d4975e27f5d26825"
            },
            "dist": {
                "type": "zip",
                "url": "https://api.github.com/repos/ondrakoupil/tools/zipball/81ea2126a25eef9b721da316d4975e27f5d26825",
                "reference": "81ea2126a25eef9b721da316d4975e27f5d26825",
                "shasum": ""
            },
            "require-dev": {
                "nette/tester": "^1.4@dev",
                "ondrakoupil/testing-utils": "^0.0.5"
            },
            "type": "library",
            "autoload": {
                "psr-4": {
                    "OndraKoupil\\Tools\\": "src/"
                }
            },
            "notification-url": "https://packagist.org/downloads/",
            "license": [
                "MIT"
            ],
            "authors": [
                {
                    "name": "Ondřej Koupil",
                    "email": "koupil@optimato.cz"
                }
            ],
            "description": "Just a bunch of tools for myself",
            "time": "2015-05-29 09:06:25"
        }
    ],
    "packages-dev": [],
    "aliases": [],
    "minimum-stability": "dev",
    "stability-flags": [],
    "prefer-stable": false,
    "prefer-lowest": false,
    "platform": [],
    "platform-dev": []
}
